
Microsoft Visual Studio Solution File, Format Version 12.00
# Visual Studio 14
VisualStudioVersion = 14.0.23107.0
MinimumVisualStudioVersion = 10.0.40219.1
Project("{FAE04EC0-301F-11D3-BF4B-00C04F79EFBC}") = "MSLab.Site", "MSLab.Site\MSLab.Site.csproj", "{57DF7225-71B1-4A20-BDE6-3F47674E5E1D}"
EndProject
Project("{FAE04EC0-301F-11D3-BF4B-00C04F79EFBC}") = "MSLab.Common", "MSLab.Common\MSLab.Common.csproj", "{5F73AC32-D366-4DDA-9417-79EA5509E226}"
EndProject
Project("{FAE04EC0-301F-11D3-BF4B-00C04F79EFBC}") = "MSLab.Site.Business", "MSLab.Site.Business\MSLab.Site.Business.csproj", "{5A7D650C-7D76-407B-BB86-EC3E751BAF13}"
EndProject
Project("{FAE04EC0-301F-11D3-BF4B-00C04F79EFBC}") = "MSLab.WCF", "MSLab.WCF\MSLab.WCF.csproj", "{584880C1-D728-4D01-B5E1-05409E2B4A42}"
EndProject
Project("{FAE04EC0-301F-11D3-BF4B-00C04F79EFBC}") = "MSLab.WPF.UI", "MSLab.WPF.UI\MSLab.WPF.UI.csproj", "{13DC76B3-97C1-4F9B-A928-3A76BD11ACF3}"
EndProject
Project("{FAE04EC0-301F-11D3-BF4B-00C04F79EFBC}") = "MSLab.WPF.Business", "MSLab.WPF.Business\MSLab.WPF.Business.csproj", "{83521A5D-8777-4D35-BE5B-E7EBA48D607E}"
	ProjectSection(ProjectDependencies) = postProject
		{584880C1-D728-4D01-B5E1-05409E2B4A42} = {584880C1-D728-4D01-B5E1-05409E2B4A42}
	EndProjectSection
EndProject
Project("{FAE04EC0-301F-11D3-BF4B-00C04F79EFBC}") = "MSLab.Data", "MSLab.Data\MSLab.Data.csproj", "{B4B6D5C8-7C4D-43FD-8596-2CF69CBE4903}"
EndProject
Project("{FAE04EC0-301F-11D3-BF4B-00C04F79EFBC}") = "Projet.Niveau1.CalculatriceBasique", "Projet.Niveau1.CalculatriceBasique\Projet.Niveau1.CalculatriceBasique.csproj", "{AA24E54C-4409-4C93-9A01-3ADDBBF422A1}"
EndProject
Project("{2150E333-8FDC-42A3-9474-1A3956D46DE8}") = "Projets Niveau 1", "Projets Niveau 1", "{0436E45E-3544-4579-AFC0-6A43FDDACE58}"
EndProject
Project("{2150E333-8FDC-42A3-9474-1A3956D46DE8}") = "WebSite", "WebSite", "{2BD320A3-991C-4DE9-988D-BD133292DC20}"
EndProject
Project("{2150E333-8FDC-42A3-9474-1A3956D46DE8}") = "Common", "Common", "{42526A23-9EDF-4E36-BF1B-54D1641B6207}"
EndProject
Project("{2150E333-8FDC-42A3-9474-1A3956D46DE8}") = "WPF", "WPF", "{045ABB52-537E-4A59-91E5-65B1D25E38D6}"
EndProject
Project("{2150E333-8FDC-42A3-9474-1A3956D46DE8}") = "WCF", "WCF", "{5F562121-3AA5-45DF-AD00-EFFA310202D0}"
EndProject
Project("{FAE04EC0-301F-11D3-BF4B-00C04F79EFBC}") = "Projet.Niveau1.ListePersonnes", "Projet.Niveau1.ListePersonnes\Projet.Niveau1.ListePersonnes.csproj", "{D2C0EF72-6418-4F5B-92B6-247AC7F9CB46}"
EndProject
Project("{2150E333-8FDC-42A3-9474-1A3956D46DE8}") = "Projets Niveau 2", "Projets Niveau 2", "{EEBF140C-B91D-4679-8593-9F94D5B2AFEC}"
EndProject
Global
	GlobalSection(SolutionConfigurationPlatforms) = preSolution
		Debug|Any CPU = Debug|Any CPU
		Release|Any CPU = Release|Any CPU
	EndGlobalSection
	GlobalSection(ProjectConfigurationPlatforms) = postSolution
		{57DF7225-71B1-4A20-BDE6-3F47674E5E1D}.Debug|Any CPU.ActiveCfg = Debug|Any CPU
		{57DF7225-71B1-4A20-BDE6-3F47674E5E1D}.Debug|Any CPU.Build.0 = Debug|Any CPU
		{57DF7225-71B1-4A20-BDE6-3F47674E5E1D}.Release|Any CPU.ActiveCfg = Release|Any CPU
		{57DF7225-71B1-4A20-BDE6-3F47674E5E1D}.Release|Any CPU.Build.0 = Release|Any CPU
		{5F73AC32-D366-4DDA-9417-79EA5509E226}.Debug|Any CPU.ActiveCfg = Debug|Any CPU
		{5F73AC32-D366-4DDA-9417-79EA5509E226}.Debug|Any CPU.Build.0 = Debug|Any CPU
		{5F73AC32-D366-4DDA-9417-79EA5509E226}.Release|Any CPU.ActiveCfg = Release|Any CPU
		{5F73AC32-D366-4DDA-9417-79EA5509E226}.Release|Any CPU.Build.0 = Release|Any CPU
		{5A7D650C-7D76-407B-BB86-EC3E751BAF13}.Debug|Any CPU.ActiveCfg = Debug|Any CPU
		{5A7D650C-7D76-407B-BB86-EC3E751BAF13}.Debug|Any CPU.Build.0 = Debug|Any CPU
		{5A7D650C-7D76-407B-BB86-EC3E751BAF13}.Release|Any CPU.ActiveCfg = Release|Any CPU
		{5A7D650C-7D76-407B-BB86-EC3E751BAF13}.Release|Any CPU.Build.0 = Release|Any CPU
		{584880C1-D728-4D01-B5E1-05409E2B4A42}.Debug|Any CPU.ActiveCfg = Debug|Any CPU
		{584880C1-D728-4D01-B5E1-05409E2B4A42}.Debug|Any CPU.Build.0 = Debug|Any CPU
		{584880C1-D728-4D01-B5E1-05409E2B4A42}.Release|Any CPU.ActiveCfg = Release|Any CPU
		{584880C1-D728-4D01-B5E1-05409E2B4A42}.Release|Any CPU.Build.0 = Release|Any CPU
		{13DC76B3-97C1-4F9B-A928-3A76BD11ACF3}.Debug|Any CPU.ActiveCfg = Debug|Any CPU
		{13DC76B3-97C1-4F9B-A928-3A76BD11ACF3}.Debug|Any CPU.Build.0 = Debug|Any CPU
		{13DC76B3-97C1-4F9B-A928-3A76BD11ACF3}.Release|Any CPU.ActiveCfg = Release|Any CPU
		{13DC76B3-97C1-4F9B-A928-3A76BD11ACF3}.Release|Any CPU.Build.0 = Release|Any CPU
		{83521A5D-8777-4D35-BE5B-E7EBA48D607E}.Debug|Any CPU.ActiveCfg = Debug|Any CPU
		{83521A5D-8777-4D35-BE5B-E7EBA48D607E}.Debug|Any CPU.Build.0 = Debug|Any CPU
		{83521A5D-8777-4D35-BE5B-E7EBA48D607E}.Release|Any CPU.ActiveCfg = Release|Any CPU
		{83521A5D-8777-4D35-BE5B-E7EBA48D607E}.Release|Any CPU.Build.0 = Release|Any CPU
		{B4B6D5C8-7C4D-43FD-8596-2CF69CBE4903}.Debug|Any CPU.ActiveCfg = Debug|Any CPU
		{B4B6D5C8-7C4D-43FD-8596-2CF69CBE4903}.Debug|Any CPU.Build.0 = Debug|Any CPU
		{B4B6D5C8-7C4D-43FD-8596-2CF69CBE4903}.Release|Any CPU.ActiveCfg = Release|Any CPU
		{B4B6D5C8-7C4D-43FD-8596-2CF69CBE4903}.Release|Any CPU.Build.0 = Release|Any CPU
		{AA24E54C-4409-4C93-9A01-3ADDBBF422A1}.Debug|Any CPU.ActiveCfg = Debug|Any CPU
		{AA24E54C-4409-4C93-9A01-3ADDBBF422A1}.Debug|Any CPU.Build.0 = Debug|Any CPU
		{AA24E54C-4409-4C93-9A01-3ADDBBF422A1}.Release|Any CPU.ActiveCfg = Release|Any CPU
		{AA24E54C-4409-4C93-9A01-3ADDBBF422A1}.Release|Any CPU.Build.0 = Release|Any CPU
		{D2C0EF72-6418-4F5B-92B6-247AC7F9CB46}.Debug|Any CPU.ActiveCfg = Debug|Any CPU
		{D2C0EF72-6418-4F5B-92B6-247AC7F9CB46}.Debug|Any CPU.Build.0 = Debug|Any CPU
		{D2C0EF72-6418-4F5B-92B6-247AC7F9CB46}.Release|Any CPU.ActiveCfg = Release|Any CPU
		{D2C0EF72-6418-4F5B-92B6-247AC7F9CB46}.Release|Any CPU.Build.0 = Release|Any CPU
	EndGlobalSection
	GlobalSection(SolutionProperties) = preSolution
		HideSolutionNode = FALSE
	EndGlobalSection
	GlobalSection(NestedProjects) = preSolution
		{57DF7225-71B1-4A20-BDE6-3F47674E5E1D} = {2BD320A3-991C-4DE9-988D-BD133292DC20}
		{5F73AC32-D366-4DDA-9417-79EA5509E226} = {42526A23-9EDF-4E36-BF1B-54D1641B6207}
		{5A7D650C-7D76-407B-BB86-EC3E751BAF13} = {2BD320A3-991C-4DE9-988D-BD133292DC20}
		{584880C1-D728-4D01-B5E1-05409E2B4A42} = {5F562121-3AA5-45DF-AD00-EFFA310202D0}
		{13DC76B3-97C1-4F9B-A928-3A76BD11ACF3} = {045ABB52-537E-4A59-91E5-65B1D25E38D6}
		{83521A5D-8777-4D35-BE5B-E7EBA48D607E} = {045ABB52-537E-4A59-91E5-65B1D25E38D6}
		{B4B6D5C8-7C4D-43FD-8596-2CF69CBE4903} = {42526A23-9EDF-4E36-BF1B-54D1641B6207}
		{AA24E54C-4409-4C93-9A01-3ADDBBF422A1} = {0436E45E-3544-4579-AFC0-6A43FDDACE58}
		{D2C0EF72-6418-4F5B-92B6-247AC7F9CB46} = {0436E45E-3544-4579-AFC0-6A43FDDACE58}
	EndGlobalSection
EndGlobal
